// !$*UTF8*$!
{
	archiveVersion = 1;
	classes = {
	};
	objectVersion = 46;
	objects = {

/* Begin PBXBuildFile section */
		1D3623260D0F684500981E51 /* iPhoneHTTPServerAppDelegate.m in Sources */ = {isa = PBXBuildFile; fileRef = 1D3623250D0F684500981E51 /* iPhoneHTTPServerAppDelegate.m */; };
		1D60589B0D05DD56006BFB54 /* main.m in Sources */ = {isa = PBXBuildFile; fileRef = 29B97316FDCFA39411CA2CEA /* main.m */; };
		1D60589F0D05DD5A006BFB54 /* Foundation.framework in Frameworks */ = {isa = PBXBuildFile; fileRef = 1D30AB110D05D00D00671497 /* Foundation.framework */; };
		1DF5F4E00D08C38300B7A737 /* UIKit.framework in Frameworks */ = {isa = PBXBuildFile; fileRef = 1DF5F4DF0D08C38300B7A737 /* UIKit.framework */; };
		288765A50DF7441C002DB57D /* CoreGraphics.framework in Frameworks */ = {isa = PBXBuildFile; fileRef = 288765A40DF7441C002DB57D /* CoreGraphics.framework */; };
		2899E5220DE3E06400AC0155 /* iPhoneHTTPServerViewController.xib in Resources */ = {isa = PBXBuildFile; fileRef = 2899E5210DE3E06400AC0155 /* iPhoneHTTPServerViewController.xib */; };
		28AD733F0D9D9553002E5188 /* MainWindow.xib in Resources */ = {isa = PBXBuildFile; fileRef = 28AD733E0D9D9553002E5188 /* MainWindow.xib */; };
		28D7ACF80DDB3853001CB0EB /* iPhoneHTTPServerViewController.m in Sources */ = {isa = PBXBuildFile; fileRef = 28D7ACF70DDB3853001CB0EB /* iPhoneHTTPServerViewController.m */; };
		2A64D5F218FB2EF70076ABB7 /* NSAngularURLCache.m in Sources */ = {isa = PBXBuildFile; fileRef = 2A64D5F118FB2EF70076ABB7 /* NSAngularURLCache.m */; };
		DC5406E2129F5CC900195140 /* CFNetwork.framework in Frameworks */ = {isa = PBXBuildFile; fileRef = DC5406E1129F5CC800195140 /* CFNetwork.framework */; };
		DC540781129F638200195140 /* Web in Resources */ = {isa = PBXBuildFile; fileRef = DC54077E129F638200195140 /* Web */; };
		DCC3699E1538F08B004C5FA7 /* Security.framework in Frameworks */ = {isa = PBXBuildFile; fileRef = DCC3699D1538F08B004C5FA7 /* Security.framework */; };
		DCC369B31538F0B1004C5FA7 /* DDAbstractDatabaseLogger.m in Sources */ = {isa = PBXBuildFile; fileRef = DCC369A31538F0B1004C5FA7 /* DDAbstractDatabaseLogger.m */; };
		DCC369B41538F0B1004C5FA7 /* DDASLLogger.m in Sources */ = {isa = PBXBuildFile; fileRef = DCC369A51538F0B1004C5FA7 /* DDASLLogger.m */; };
		DCC369B51538F0B1004C5FA7 /* DDFileLogger.m in Sources */ = {isa = PBXBuildFile; fileRef = DCC369A71538F0B1004C5FA7 /* DDFileLogger.m */; };
		DCC369B61538F0B1004C5FA7 /* DDLog.m in Sources */ = {isa = PBXBuildFile; fileRef = DCC369A91538F0B1004C5FA7 /* DDLog.m */; };
		DCC369B71538F0B1004C5FA7 /* DDTTYLogger.m in Sources */ = {isa = PBXBuildFile; fileRef = DCC369AB1538F0B1004C5FA7 /* DDTTYLogger.m */; };
		DCC369B81538F0B1004C5FA7 /* ContextFilterLogFormatter.m in Sources */ = {isa = PBXBuildFile; fileRef = DCC369AE1538F0B1004C5FA7 /* ContextFilterLogFormatter.m */; };
		DCC369B91538F0B1004C5FA7 /* DispatchQueueLogFormatter.m in Sources */ = {isa = PBXBuildFile; fileRef = DCC369B01538F0B1004C5FA7 /* DispatchQueueLogFormatter.m */; };
		DCC369BA1538F0B1004C5FA7 /* README.txt in Resources */ = {isa = PBXBuildFile; fileRef = DCC369B11538F0B1004C5FA7 /* README.txt */; };
		DCD6EAC616FFB10900710668 /* Default-568h@2x.png in Resources */ = {isa = PBXBuildFile; fileRef = DCD6EAC516FFB10900710668 /* Default-568h@2x.png */; };
/* End PBXBuildFile section */

/* Begin PBXFileReference section */
		1D30AB110D05D00D00671497 /* Foundation.framework */ = {isa = PBXFileReference; lastKnownFileType = wrapper.framework; name = Foundation.framework; path = System/Library/Frameworks/Foundation.framework; sourceTree = SDKROOT; };
		1D3623240D0F684500981E51 /* iPhoneHTTPServerAppDelegate.h */ = {isa = PBXFileReference; fileEncoding = 4; lastKnownFileType = sourcecode.c.h; path = iPhoneHTTPServerAppDelegate.h; sourceTree = "<group>"; };
		1D3623250D0F684500981E51 /* iPhoneHTTPServerAppDelegate.m */ = {isa = PBXFileReference; fileEncoding = 4; lastKnownFileType = sourcecode.c.objc; path = iPhoneHTTPServerAppDelegate.m; sourceTree = "<group>"; };
		1D6058910D05DD3D006BFB54 /* angular-ios.app */ = {isa = PBXFileReference; explicitFileType = wrapper.application; includeInIndex = 0; path = "angular-ios.app"; sourceTree = BUILT_PRODUCTS_DIR; };
		1DF5F4DF0D08C38300B7A737 /* UIKit.framework */ = {isa = PBXFileReference; lastKnownFileType = wrapper.framework; name = UIKit.framework; path = System/Library/Frameworks/UIKit.framework; sourceTree = SDKROOT; };
		288765A40DF7441C002DB57D /* CoreGraphics.framework */ = {isa = PBXFileReference; lastKnownFileType = wrapper.framework; name = CoreGraphics.framework; path = System/Library/Frameworks/CoreGraphics.framework; sourceTree = SDKROOT; };
		2899E5210DE3E06400AC0155 /* iPhoneHTTPServerViewController.xib */ = {isa = PBXFileReference; lastKnownFileType = file.xib; path = iPhoneHTTPServerViewController.xib; sourceTree = "<group>"; };
		28AD733E0D9D9553002E5188 /* MainWindow.xib */ = {isa = PBXFileReference; lastKnownFileType = file.xib; path = MainWindow.xib; sourceTree = "<group>"; };
		28D7ACF60DDB3853001CB0EB /* iPhoneHTTPServerViewController.h */ = {isa = PBXFileReference; fileEncoding = 4; lastKnownFileType = sourcecode.c.h; path = iPhoneHTTPServerViewController.h; sourceTree = "<group>"; };
		28D7ACF70DDB3853001CB0EB /* iPhoneHTTPServerViewController.m */ = {isa = PBXFileReference; fileEncoding = 4; lastKnownFileType = sourcecode.c.objc; path = iPhoneHTTPServerViewController.m; sourceTree = "<group>"; };
		29B97316FDCFA39411CA2CEA /* main.m */ = {isa = PBXFileReference; fileEncoding = 4; lastKnownFileType = sourcecode.c.objc; path = main.m; sourceTree = "<group>"; };
		2A64D5F018FB2EF70076ABB7 /* NSAngularURLCache.h */ = {isa = PBXFileReference; fileEncoding = 4; lastKnownFileType = sourcecode.c.h; path = NSAngularURLCache.h; sourceTree = "<group>"; };
		2A64D5F118FB2EF70076ABB7 /* NSAngularURLCache.m */ = {isa = PBXFileReference; fileEncoding = 4; lastKnownFileType = sourcecode.c.objc; path = NSAngularURLCache.m; sourceTree = "<group>"; };
		32CA4F630368D1EE00C91783 /* angular-ios_Prefix.pch */ = {isa = PBXFileReference; fileEncoding = 4; lastKnownFileType = sourcecode.c.h; path = "angular-ios_Prefix.pch"; sourceTree = "<group>"; };
		8D1107310486CEB800E47090 /* angular-ios-Info.plist */ = {isa = PBXFileReference; fileEncoding = 4; lastKnownFileType = text.plist.xml; path = "angular-ios-Info.plist"; plistStructureDefinitionIdentifier = "com.apple.xcode.plist.structure-definition.iphone.info-plist"; sourceTree = "<group>"; };
		DC372E48139D398400A8407D /* Base.xcconfig */ = {isa = PBXFileReference; lastKnownFileType = text.xcconfig; path = Base.xcconfig; sourceTree = "<group>"; };
		DC372E49139D398400A8407D /* Debug.xcconfig */ = {isa = PBXFileReference; lastKnownFileType = text.xcconfig; path = Debug.xcconfig; sourceTree = "<group>"; };
		DC372E4B139D398400A8407D /* Release.xcconfig */ = {isa = PBXFileReference; lastKnownFileType = text.xcconfig; path = Release.xcconfig; sourceTree = "<group>"; };
		DC5406E1129F5CC800195140 /* CFNetwork.framework */ = {isa = PBXFileReference; lastKnownFileType = wrapper.framework; name = CFNetwork.framework; path = System/Library/Frameworks/CFNetwork.framework; sourceTree = SDKROOT; };
		DC54077E129F638200195140 /* Web */ = {isa = PBXFileReference; lastKnownFileType = folder; path = Web; sourceTree = "<group>"; };
		DCC3699D1538F08B004C5FA7 /* Security.framework */ = {isa = PBXFileReference; lastKnownFileType = wrapper.framework; name = Security.framework; path = System/Library/Frameworks/Security.framework; sourceTree = SDKROOT; };
		DCC369A21538F0B1004C5FA7 /* DDAbstractDatabaseLogger.h */ = {isa = PBXFileReference; fileEncoding = 4; lastKnownFileType = sourcecode.c.h; path = DDAbstractDatabaseLogger.h; sourceTree = "<group>"; };
		DCC369A31538F0B1004C5FA7 /* DDAbstractDatabaseLogger.m */ = {isa = PBXFileReference; fileEncoding = 4; lastKnownFileType = sourcecode.c.objc; path = DDAbstractDatabaseLogger.m; sourceTree = "<group>"; };
		DCC369A41538F0B1004C5FA7 /* DDASLLogger.h */ = {isa = PBXFileReference; fileEncoding = 4; lastKnownFileType = sourcecode.c.h; path = DDASLLogger.h; sourceTree = "<group>"; };
		DCC369A51538F0B1004C5FA7 /* DDASLLogger.m */ = {isa = PBXFileReference; fileEncoding = 4; lastKnownFileType = sourcecode.c.objc; path = DDASLLogger.m; sourceTree = "<group>"; };
		DCC369A61538F0B1004C5FA7 /* DDFileLogger.h */ = {isa = PBXFileReference; fileEncoding = 4; lastKnownFileType = sourcecode.c.h; path = DDFileLogger.h; sourceTree = "<group>"; };
		DCC369A71538F0B1004C5FA7 /* DDFileLogger.m */ = {isa = PBXFileReference; fileEncoding = 4; lastKnownFileType = sourcecode.c.objc; path = DDFileLogger.m; sourceTree = "<group>"; };
		DCC369A81538F0B1004C5FA7 /* DDLog.h */ = {isa = PBXFileReference; fileEncoding = 4; lastKnownFileType = sourcecode.c.h; path = DDLog.h; sourceTree = "<group>"; };
		DCC369A91538F0B1004C5FA7 /* DDLog.m */ = {isa = PBXFileReference; fileEncoding = 4; lastKnownFileType = sourcecode.c.objc; path = DDLog.m; sourceTree = "<group>"; };
		DCC369AA1538F0B1004C5FA7 /* DDTTYLogger.h */ = {isa = PBXFileReference; fileEncoding = 4; lastKnownFileType = sourcecode.c.h; path = DDTTYLogger.h; sourceTree = "<group>"; };
		DCC369AB1538F0B1004C5FA7 /* DDTTYLogger.m */ = {isa = PBXFileReference; fileEncoding = 4; lastKnownFileType = sourcecode.c.objc; path = DDTTYLogger.m; sourceTree = "<group>"; };
		DCC369AD1538F0B1004C5FA7 /* ContextFilterLogFormatter.h */ = {isa = PBXFileReference; fileEncoding = 4; lastKnownFileType = sourcecode.c.h; path = ContextFilterLogFormatter.h; sourceTree = "<group>"; };
		DCC369AE1538F0B1004C5FA7 /* ContextFilterLogFormatter.m */ = {isa = PBXFileReference; fileEncoding = 4; lastKnownFileType = sourcecode.c.objc; path = ContextFilterLogFormatter.m; sourceTree = "<group>"; };
		DCC369AF1538F0B1004C5FA7 /* DispatchQueueLogFormatter.h */ = {isa = PBXFileReference; fileEncoding = 4; lastKnownFileType = sourcecode.c.h; path = DispatchQueueLogFormatter.h; sourceTree = "<group>"; };
		DCC369B01538F0B1004C5FA7 /* DispatchQueueLogFormatter.m */ = {isa = PBXFileReference; fileEncoding = 4; lastKnownFileType = sourcecode.c.objc; path = DispatchQueueLogFormatter.m; sourceTree = "<group>"; };
		DCC369B11538F0B1004C5FA7 /* README.txt */ = {isa = PBXFileReference; fileEncoding = 4; lastKnownFileType = text; path = README.txt; sourceTree = "<group>"; };
		DCD6EAC516FFB10900710668 /* Default-568h@2x.png */ = {isa = PBXFileReference; lastKnownFileType = image.png; path = "Default-568h@2x.png"; sourceTree = "<group>"; };
/* End PBXFileReference section */

/* Begin PBXFrameworksBuildPhase section */
		1D60588F0D05DD3D006BFB54 /* Frameworks */ = {
			isa = PBXFrameworksBuildPhase;
			buildActionMask = 2147483647;
			files = (
				DCC3699E1538F08B004C5FA7 /* Security.framework in Frameworks */,
				1D60589F0D05DD5A006BFB54 /* Foundation.framework in Frameworks */,
				1DF5F4E00D08C38300B7A737 /* UIKit.framework in Frameworks */,
				288765A50DF7441C002DB57D /* CoreGraphics.framework in Frameworks */,
				DC5406E2129F5CC900195140 /* CFNetwork.framework in Frameworks */,
			);
			runOnlyForDeploymentPostprocessing = 0;
		};
/* End PBXFrameworksBuildPhase section */

/* Begin PBXGroup section */
		080E96DDFE201D6D7F000001 /* Classes */ = {
			isa = PBXGroup;
			children = (
				1D3623240D0F684500981E51 /* iPhoneHTTPServerAppDelegate.h */,
				1D3623250D0F684500981E51 /* iPhoneHTTPServerAppDelegate.m */,
				28D7ACF60DDB3853001CB0EB /* iPhoneHTTPServerViewController.h */,
				28D7ACF70DDB3853001CB0EB /* iPhoneHTTPServerViewController.m */,
				2A64D5F018FB2EF70076ABB7 /* NSAngularURLCache.h */,
				2A64D5F118FB2EF70076ABB7 /* NSAngularURLCache.m */,
			);
			path = Classes;
			sourceTree = "<group>";
		};
		19C28FACFE9D520D11CA2CBB /* Products */ = {
			isa = PBXGroup;
			children = (
				1D6058910D05DD3D006BFB54 /* angular-ios.app */,
			);
			name = Products;
			sourceTree = "<group>";
		};
		29B97314FDCFA39411CA2CEA /* CustomTemplate */ = {
			isa = PBXGroup;
			children = (
				DCD6EAC516FFB10900710668 /* Default-568h@2x.png */,
				DCC369A01538F0B1004C5FA7 /* Logging */,
				080E96DDFE201D6D7F000001 /* Classes */,
				29B97315FDCFA39411CA2CEA /* Other Sources */,
				29B97317FDCFA39411CA2CEA /* Resources */,
				29B97323FDCFA39411CA2CEA /* Frameworks */,
				19C28FACFE9D520D11CA2CBB /* Products */,
			);
			name = CustomTemplate;
			sourceTree = "<group>";
		};
		29B97315FDCFA39411CA2CEA /* Other Sources */ = {
			isa = PBXGroup;
			children = (
				DC372E47139D398400A8407D /* Xcode-Configurations */,
				32CA4F630368D1EE00C91783 /* angular-ios_Prefix.pch */,
				29B97316FDCFA39411CA2CEA /* main.m */,
			);
			name = "Other Sources";
			sourceTree = "<group>";
		};
		29B97317FDCFA39411CA2CEA /* Resources */ = {
			isa = PBXGroup;
			children = (
				2899E5210DE3E06400AC0155 /* iPhoneHTTPServerViewController.xib */,
				28AD733E0D9D9553002E5188 /* MainWindow.xib */,
				8D1107310486CEB800E47090 /* angular-ios-Info.plist */,
				DC54077E129F638200195140 /* Web */,
			);
			name = Resources;
			sourceTree = "<group>";
		};
		29B97323FDCFA39411CA2CEA /* Frameworks */ = {
			isa = PBXGroup;
			children = (
				1DF5F4DF0D08C38300B7A737 /* UIKit.framework */,
				1D30AB110D05D00D00671497 /* Foundation.framework */,
				288765A40DF7441C002DB57D /* CoreGraphics.framework */,
				DC5406E1129F5CC800195140 /* CFNetwork.framework */,
				DCC3699D1538F08B004C5FA7 /* Security.framework */,
			);
			name = Frameworks;
			sourceTree = "<group>";
		};
		DC372E47139D398400A8407D /* Xcode-Configurations */ = {
			isa = PBXGroup;
			children = (
				DC372E48139D398400A8407D /* Base.xcconfig */,
				DC372E49139D398400A8407D /* Debug.xcconfig */,
				DC372E4B139D398400A8407D /* Release.xcconfig */,
			);
			name = "Xcode-Configurations";
			path = "../Xcode-Configurations";
			sourceTree = "<group>";
		};
		DCC369A01538F0B1004C5FA7 /* Logging */ = {
			isa = PBXGroup;
			children = (
				DCC369A81538F0B1004C5FA7 /* DDLog.h */,
				DCC369A91538F0B1004C5FA7 /* DDLog.m */,
				DCC369A41538F0B1004C5FA7 /* DDASLLogger.h */,
				DCC369A51538F0B1004C5FA7 /* DDASLLogger.m */,
				DCC369AA1538F0B1004C5FA7 /* DDTTYLogger.h */,
				DCC369AB1538F0B1004C5FA7 /* DDTTYLogger.m */,
				DCC369A61538F0B1004C5FA7 /* DDFileLogger.h */,
				DCC369A71538F0B1004C5FA7 /* DDFileLogger.m */,
				DCC369A21538F0B1004C5FA7 /* DDAbstractDatabaseLogger.h */,
				DCC369A31538F0B1004C5FA7 /* DDAbstractDatabaseLogger.m */,
				DCC369AC1538F0B1004C5FA7 /* Extensions */,
			);
			name = Logging;
			path = ../../Vendor/CocoaLumberjack;
			sourceTree = "<group>";
		};
		DCC369AC1538F0B1004C5FA7 /* Extensions */ = {
			isa = PBXGroup;
			children = (
				DCC369AD1538F0B1004C5FA7 /* ContextFilterLogFormatter.h */,
				DCC369AE1538F0B1004C5FA7 /* ContextFilterLogFormatter.m */,
				DCC369AF1538F0B1004C5FA7 /* DispatchQueueLogFormatter.h */,
				DCC369B01538F0B1004C5FA7 /* DispatchQueueLogFormatter.m */,
				DCC369B11538F0B1004C5FA7 /* README.txt */,
			);
			path = Extensions;
			sourceTree = "<group>";
		};
/* End PBXGroup section */

/* Begin PBXNativeTarget section */
		1D6058900D05DD3D006BFB54 /* angular-ios */ = {
			isa = PBXNativeTarget;
			buildConfigurationList = 1D6058960D05DD3E006BFB54 /* Build configuration list for PBXNativeTarget "angular-ios" */;
			buildPhases = (
				1D60588D0D05DD3D006BFB54 /* Resources */,
				1D60588E0D05DD3D006BFB54 /* Sources */,
				1D60588F0D05DD3D006BFB54 /* Frameworks */,
			);
			buildRules = (
			);
			dependencies = (
			);
			name = "angular-ios";
			productName = iPhoneHTTPServer;
			productReference = 1D6058910D05DD3D006BFB54 /* angular-ios.app */;
			productType = "com.apple.product-type.application";
		};
/* End PBXNativeTarget section */

/* Begin PBXProject section */
		29B97313FDCFA39411CA2CEA /* Project object */ = {
			isa = PBXProject;
			attributes = {
				LastUpgradeCheck = 0460;
				TargetAttributes = {
					1D6058900D05DD3D006BFB54 = {
						DevelopmentTeam = 2AK9E7L2QJ;
					};
				};
			};
			buildConfigurationList = C01FCF4E08A954540054247B /* Build configuration list for PBXProject "angular-ios" */;
			compatibilityVersion = "Xcode 3.2";
			developmentRegion = English;
			hasScannedForEncodings = 1;
			knownRegions = (
				English,
				Japanese,
				French,
				German,
			);
			mainGroup = 29B97314FDCFA39411CA2CEA /* CustomTemplate */;
			projectDirPath = "";
			projectRoot = "";
			targets = (
				1D6058900D05DD3D006BFB54 /* angular-ios */,
			);
		};
/* End PBXProject section */

/* Begin PBXResourcesBuildPhase section */
		1D60588D0D05DD3D006BFB54 /* Resources */ = {
			isa = PBXResourcesBuildPhase;
			buildActionMask = 2147483647;
			files = (
				28AD733F0D9D9553002E5188 /* MainWindow.xib in Resources */,
				2899E5220DE3E06400AC0155 /* iPhoneHTTPServerViewController.xib in Resources */,
				DC540781129F638200195140 /* Web in Resources */,
				DCC369BA1538F0B1004C5FA7 /* README.txt in Resources */,
				DCD6EAC616FFB10900710668 /* Default-568h@2x.png in Resources */,
			);
			runOnlyForDeploymentPostprocessing = 0;
		};
/* End PBXResourcesBuildPhase section */

/* Begin PBXSourcesBuildPhase section */
		1D60588E0D05DD3D006BFB54 /* Sources */ = {
			isa = PBXSourcesBuildPhase;
			buildActionMask = 2147483647;
			files = (
				1D60589B0D05DD56006BFB54 /* main.m in Sources */,
				1D3623260D0F684500981E51 /* iPhoneHTTPServerAppDelegate.m in Sources */,
				28D7ACF80DDB3853001CB0EB /* iPhoneHTTPServerViewController.m in Sources */,
				2A64D5F218FB2EF70076ABB7 /* NSAngularURLCache.m in Sources */,
				DCC369B31538F0B1004C5FA7 /* DDAbstractDatabaseLogger.m in Sources */,
				DCC369B41538F0B1004C5FA7 /* DDASLLogger.m in Sources */,
				DCC369B51538F0B1004C5FA7 /* DDFileLogger.m in Sources */,
				DCC369B61538F0B1004C5FA7 /* DDLog.m in Sources */,
				DCC369B71538F0B1004C5FA7 /* DDTTYLogger.m in Sources */,
				DCC369B81538F0B1004C5FA7 /* ContextFilterLogFormatter.m in Sources */,
				DCC369B91538F0B1004C5FA7 /* DispatchQueueLogFormatter.m in Sources */,
			);
			runOnlyForDeploymentPostprocessing = 0;
		};
/* End PBXSourcesBuildPhase section */

/* Begin XCBuildConfiguration section */
		1D6058940D05DD3E006BFB54 /* Debug */ = {
			isa = XCBuildConfiguration;
			buildSettings = {
				CODE_SIGN_IDENTITY = "iPhone Developer";
				"CODE_SIGN_IDENTITY[sdk=iphoneos*]" = "iPhone Developer";
				GCC_PREFIX_HEADER = "angular-ios_Prefix.pch";
				INFOPLIST_FILE = "angular-ios-Info.plist";
				IPHONEOS_DEPLOYMENT_TARGET = 7.1;
				PRODUCT_NAME = "angular-ios";
				PROVISIONING_PROFILE = "";
			};
			name = Debug;
		};
		1D6058950D05DD3E006BFB54 /* Release */ = {
			isa = XCBuildConfiguration;
			buildSettings = {
				CODE_SIGN_IDENTITY = "iPhone Developer";
				"CODE_SIGN_IDENTITY[sdk=iphoneos*]" = "iPhone Developer";
				GCC_PREFIX_HEADER = "angular-ios_Prefix.pch";
				INFOPLIST_FILE = "angular-ios-Info.plist";
				IPHONEOS_DEPLOYMENT_TARGET = 7.1;
				PRODUCT_NAME = "angular-ios";
				PROVISIONING_PROFILE = "";
			};
			name = Release;
		};
		C01FCF4F08A954540054247B /* Debug */ = {
			isa = XCBuildConfiguration;
			baseConfigurationReference = DC372E49139D398400A8407D /* Debug.xcconfig */;
			buildSettings = {
				ARCHS = "$(ARCHS_STANDARD_32_BIT)";
				CLANG_ENABLE_OBJC_ARC = YES;
				CLANG_WARN_CONSTANT_CONVERSION = YES;
				CLANG_WARN_ENUM_CONVERSION = YES;
				CLANG_WARN_INT_CONVERSION = YES;
				CLANG_WARN__DUPLICATE_METHOD_MATCH = YES;
				GCC_VERSION = com.apple.compilers.llvm.clang.1_0;
				GCC_WARN_UNINITIALIZED_AUTOS = YES;
				SDKROOT = iphoneos;
			};
			name = Debug;
		};
		C01FCF5008A954540054247B /* Release */ = {
			isa = XCBuildConfiguration;
			baseConfigurationReference = DC372E4B139D398400A8407D /* Release.xcconfig */;
			buildSettings = {
				ARCHS = "$(ARCHS_STANDARD_32_BIT)";
				CLANG_ENABLE_OBJC_ARC = YES;
				CLANG_WARN_CONSTANT_CONVERSION = YES;
				CLANG_WARN_ENUM_CONVERSION = YES;
				CLANG_WARN_INT_CONVERSION = YES;
				CLANG_WARN__DUPLICATE_METHOD_MATCH = YES;
				GCC_VERSION = com.apple.compilers.llvm.clang.1_0;
				GCC_WARN_UNINITIALIZED_AUTOS = YES;
				SDKROOT = iphoneos;
			};
			name = Release;
		};
/* End XCBuildConfiguration section */

/* Begin XCConfigurationList section */
		1D6058960D05DD3E006BFB54 /* Build configuration list for PBXNativeTarget "angular-ios" */ = {
			isa = XCConfigurationList;
			buildConfigurations = (
				1D6058940D05DD3E006BFB54 /* Debug */,
				1D6058950D05DD3E006BFB54 /* Release */,
			);
			defaultConfigurationIsVisible = 0;
			defaultConfigurationName = Release;
		};
		C01FCF4E08A954540054247B /* Build configuration list for PBXProject "angular-ios" */ = {
			isa = XCConfigurationList;
			buildConfigurations = (
				C01FCF4F08A954540054247B /* Debug */,
				C01FCF5008A954540054247B /* Release */,
			);
			defaultConfigurationIsVisible = 0;
			defaultConfigurationName = Release;
		};
/* End XCConfigurationList section */
	};
	rootObject = 29B97313FDCFA39411CA2CEA /* Project object */;
}
